{
    "version": 3,
    "terraform_version": "0.7.1",
    "serial": 8,
    "lineage": "1e8394ad-9564-4914-8c32-a7df106f7cef",
    "modules": [
        {
            "path": [
                "root"
            ],
            "outputs": {},
            "resources": {
                "aws_instance.ecs_a": {
                    "type": "aws_instance",
                    "depends_on": [],
                    "primary": {
                        "id": "i-0fa53ddb960229c82",
                        "attributes": {
                            "ami": "ami-a2ca61c2",
                            "availability_zone": "us-west-2a",
                            "disable_api_termination": "false",
                            "ebs_block_device.#": "1",
                            "ebs_block_device.504524833.delete_on_termination": "true",
                            "ebs_block_device.504524833.device_name": "/dev/xvdcz",
                            "ebs_block_device.504524833.encrypted": "false",
                            "ebs_block_device.504524833.iops": "100",
                            "ebs_block_device.504524833.snapshot_id": "",
                            "ebs_block_device.504524833.volume_size": "22",
                            "ebs_block_device.504524833.volume_type": "gp2",
                            "ebs_optimized": "false",
                            "ephemeral_block_device.#": "0",
                            "iam_instance_profile": "ecs-instance-profile",
                            "id": "i-0fa53ddb960229c82",
                            "instance_state": "running",
                            "instance_type": "t2.micro",
                            "key_name": "",
                            "monitoring": "false",
                            "network_interface_id": "eni-3f168b4e",
                            "private_dns": "ip-10-0-1-77.us-west-2.compute.internal",
                            "private_ip": "10.0.1.77",
                            "public_dns": "",
                            "public_ip": "",
                            "root_block_device.#": "1",
                            "root_block_device.0.delete_on_termination": "true",
                            "root_block_device.0.iops": "100",
                            "root_block_device.0.volume_size": "8",
                            "root_block_device.0.volume_type": "gp2",
                            "security_groups.#": "0",
                            "source_dest_check": "true",
                            "subnet_id": "subnet-1a42b97d",
                            "tags.%": "1",
                            "tags.Name": "ECS cluster member",
                            "tenancy": "default",
                            "user_data": "c53c5044b7113a4356c6bfcd4ba280f45750e0ed",
                            "vpc_security_group_ids.#": "1",
                            "vpc_security_group_ids.2678575753": "sg-26a0b85f"
                        },
                        "meta": {
                            "schema_version": "1"
                        },
                        "tainted": false
                    },
                    "deposed": [],
                    "provider": ""
                },
                "aws_instance.ecs_b": {
                    "type": "aws_instance",
                    "depends_on": [],
                    "primary": {
                        "id": "i-08831efc7d7bae3c1",
                        "attributes": {
                            "ami": "ami-a2ca61c2",
                            "availability_zone": "us-west-2b",
                            "disable_api_termination": "false",
                            "ebs_block_device.#": "1",
                            "ebs_block_device.504524833.delete_on_termination": "true",
                            "ebs_block_device.504524833.device_name": "/dev/xvdcz",
                            "ebs_block_device.504524833.encrypted": "false",
                            "ebs_block_device.504524833.iops": "100",
                            "ebs_block_device.504524833.snapshot_id": "",
                            "ebs_block_device.504524833.volume_size": "22",
                            "ebs_block_device.504524833.volume_type": "gp2",
                            "ebs_optimized": "false",
                            "ephemeral_block_device.#": "0",
                            "iam_instance_profile": "ecs-instance-profile",
                            "id": "i-08831efc7d7bae3c1",
                            "instance_state": "running",
                            "instance_type": "t2.micro",
                            "key_name": "",
                            "monitoring": "false",
                            "network_interface_id": "eni-1b99905b",
                            "private_dns": "ip-10-0-3-222.us-west-2.compute.internal",
                            "private_ip": "10.0.3.222",
                            "public_dns": "",
                            "public_ip": "",
                            "root_block_device.#": "1",
                            "root_block_device.0.delete_on_termination": "true",
                            "root_block_device.0.iops": "100",
                            "root_block_device.0.volume_size": "8",
                            "root_block_device.0.volume_type": "gp2",
                            "security_groups.#": "0",
                            "source_dest_check": "true",
                            "subnet_id": "subnet-fcf4e98a",
                            "tags.%": "1",
                            "tags.Name": "ECS cluster member",
                            "tenancy": "default",
                            "user_data": "c53c5044b7113a4356c6bfcd4ba280f45750e0ed",
                            "vpc_security_group_ids.#": "1",
                            "vpc_security_group_ids.2678575753": "sg-26a0b85f"
                        },
                        "meta": {
                            "schema_version": "1"
                        },
                        "tainted": false
                    },
                    "deposed": [],
                    "provider": ""
                }
            },
            "depends_on": []
        }
    ]
}
